PODS:
  - StreamingKit (0.1.31)

DEPENDENCIES:
  - StreamingKit (from `https://github.com/haritowa/StreamingKit.git`, commit `e10c6480b60eb42db31ae43461f05eeae7cf73d4`)

EXTERNAL SOURCES:
  StreamingKit:
    :commit: e10c6480b60eb42db31ae43461f05eeae7cf73d4
    :git: https://github.com/haritowa/StreamingKit.git

CHECKOUT OPTIONS:
  StreamingKit:
    :commit: e10c6480b60eb42db31ae43461f05eeae7cf73d4
    :git: https://github.com/haritowa/StreamingKit.git

SPEC CHECKSUMS:
  StreamingKit: 38c530917178e44d2a5e6009a3e02996b2af5273

PODFILE CHECKSUM: 37c9e7c2fc34c18cf407f8d9cb7d564390a96234

COCOAPODS: 1.4.0
